
Microsoft Visual Studio Solution File, Format Version 12.00
# Visual Studio Version 17
VisualStudioVersion = 17.9.34723.18
MinimumVisualStudioVersion = 10.0.40219.1
Project("{FAE04EC0-301F-11D3-BF4B-00C04F79EFBC}") = "DiceRoller", "DiceRoller.csproj", "{3DC460B6-F8BD-48A6-916E-CF6C2305D2FF}"
EndProject
Global
	GlobalSection(SolutionConfigurationPlatforms) = preSolution
		Debug|Any CPU = Debug|Any CPU
		Release|Any CPU = Release|Any CPU
	EndGlobalSection
	GlobalSection(ProjectConfigurationPlatforms) = postSolution
		{3DC460B6-F8BD-48A6-916E-CF6C2305D2FF}.Debug|Any CPU.ActiveCfg = Debug|Any CPU
		{3DC460B6-F8BD-48A6-916E-CF6C2305D2FF}.Debug|Any CPU.Build.0 = Debug|Any CPU
		{3DC460B6-F8BD-48A6-916E-CF6C2305D2FF}.Release|Any CPU.ActiveCfg = Release|Any CPU
		{3DC460B6-F8BD-48A6-916E-CF6C2305D2FF}.Release|Any CPU.Build.0 = Release|Any CPU
	EndGlobalSection
	GlobalSection(SolutionProperties) = preSolution
		HideSolutionNode = FALSE
	EndGlobalSection
	GlobalSection(ExtensibilityGlobals) = postSolution
		SolutionGuid = {096CA082-5D80-4408-BABE-AC692E6EB03B}
	EndGlobalSection
EndGlobal
